[[package]]
name = "atomicwrites"
version = "1.4.0"
description = "Atomic file writes."
category = "dev"
optional = false
python-versions = ">=2.7, !=3.0.*, !=3.1.*, !=3.2.*, !=3.3.*"

[[package]]
name = "attrs"
version = "21.4.0"
description = "Classes Without Boilerplate"
category = "dev"
optional = false
python-versions = ">=2.7, !=3.0.*, !=3.1.*, !=3.2.*, !=3.3.*, !=3.4.*"

[package.extras]
dev = ["coverage[toml] (>=5.0.2)", "hypothesis", "pympler", "pytest (>=4.3.0)", "six", "mypy", "pytest-mypy-plugins", "zope.interface", "furo", "sphinx", "sphinx-notfound-page", "pre-commit", "cloudpickle"]
docs = ["furo", "sphinx", "zope.interface", "sphinx-notfound-page"]
tests = ["coverage[toml] (>=5.0.2)", "hypothesis", "pympler", "pytest (>=4.3.0)", "six", "mypy", "pytest-mypy-plugins", "zope.interface", "cloudpickle"]
tests_no_zope = ["coverage[toml] (>=5.0.2)", "hypothesis", "pympler", "pytest (>=4.3.0)", "six", "mypy", "pytest-mypy-plugins", "cloudpickle"]

[[package]]
name = "colorama"
version = "0.4.4"
description = "Cross-platform colored terminal text."
category = "dev"
optional = false
python-versions = ">=2.7, !=3.0.*, !=3.1.*, !=3.2.*, !=3.3.*, !=3.4.*"

[[package]]
name = "coverage"
version = "6.3.2"
description = "Code coverage measurement for Python"
category = "main"
optional = false
python-versions = ">=3.7"

[package.dependencies]
tomli = {version = "*", optional = true, markers = "extra == \"toml\""}

[package.extras]
toml = ["tomli"]

[[package]]
name = "duckdb"
version = "0.3.4"
description = "DuckDB embedded database"
category = "main"
optional = true
python-versions = "*"

[package.dependencies]
numpy = ">=1.14"

[[package]]
name = "iniconfig"
version = "1.1.1"
description = "iniconfig: brain-dead simple config-ini parsing"
category = "dev"
optional = false
python-versions = "*"

[[package]]
name = "isort"
version = "5.10.1"
description = "A Python utility / library to sort Python imports."
category = "dev"
optional = false
python-versions = ">=3.6.1,<4.0"

[package.extras]
pipfile_deprecated_finder = ["pipreqs", "requirementslib"]
requirements_deprecated_finder = ["pipreqs", "pip-api"]
colors = ["colorama (>=0.4.3,<0.5.0)"]
plugins = ["setuptools"]

[[package]]
name = "numpy"
version = "1.22.3"
description = "NumPy is the fundamental package for array computing with Python."
category = "main"
optional = false
python-versions = ">=3.8"

[[package]]
name = "packaging"
version = "21.3"
description = "Core utilities for Python packages"
category = "dev"
optional = false
python-versions = ">=3.6"

[package.dependencies]
pyparsing = ">=2.0.2,<3.0.5 || >3.0.5"

[[package]]
name = "pandas"
version = "1.4.2"
description = "Powerful data structures for data analysis, time series, and statistics"
category = "main"
optional = false
python-versions = ">=3.8"

[package.dependencies]
numpy = [
    {version = ">=1.18.5", markers = "platform_machine != \"aarch64\" and platform_machine != \"arm64\" and python_version < \"3.10\""},
    {version = ">=1.19.2", markers = "platform_machine == \"aarch64\" and python_version < \"3.10\""},
    {version = ">=1.20.0", markers = "platform_machine == \"arm64\" and python_version < \"3.10\""},
    {version = ">=1.21.0", markers = "python_version >= \"3.10\""},
]
python-dateutil = ">=2.8.1"
pytz = ">=2020.1"

[package.extras]
test = ["hypothesis (>=5.5.3)", "pytest (>=6.0)", "pytest-xdist (>=1.31)"]

[[package]]
name = "pluggy"
version = "1.0.0"
description = "plugin and hook calling mechanisms for python"
category = "dev"
optional = false
python-versions = ">=3.6"

[package.extras]
dev = ["pre-commit", "tox"]
testing = ["pytest", "pytest-benchmark"]

[[package]]
name = "polars"
version = "0.13.25"
description = "Blazingly fast DataFrame library"
category = "main"
optional = false
python-versions = ">=3.7"

[package.dependencies]
numpy = ">=1.16.0"
typing_extensions = {version = ">=4.0.0", markers = "python_version < \"3.10\""}

[package.extras]
pyarrow = ["pyarrow (>=4.0)"]
pandas = ["pyarrow (>=4.0)", "pandas"]
fsspec = ["fsspec"]
connectorx = ["connectorx"]

[[package]]
name = "py"
version = "1.11.0"
description = "library with cross-python path, ini-parsing, io, code, log facilities"
category = "dev"
optional = false
python-versions = ">=2.7, !=3.0.*, !=3.1.*, !=3.2.*, !=3.3.*, !=3.4.*"

[[package]]
name = "pyarrow"
version = "7.0.0"
description = "Python library for Apache Arrow"
category = "main"
optional = true
python-versions = ">=3.7"

[package.dependencies]
numpy = ">=1.16.6"

[[package]]
name = "pydantic"
version = "1.9.0"
description = "Data validation and settings management using python 3.6 type hinting"
category = "main"
optional = false
python-versions = ">=3.6.1"

[package.dependencies]
typing-extensions = ">=3.7.4.3"

[package.extras]
dotenv = ["python-dotenv (>=0.10.4)"]
email = ["email-validator (>=1.0.3)"]

[[package]]
name = "pyparsing"
version = "3.0.8"
description = "pyparsing module - Classes and methods to define and execute parsing grammars"
category = "dev"
optional = false
python-versions = ">=3.6.8"

[package.extras]
diagrams = ["railroad-diagrams", "jinja2"]

[[package]]
name = "pytest"
version = "7.1.2"
description = "pytest: simple powerful testing with Python"
category = "dev"
optional = false
python-versions = ">=3.7"

[package.dependencies]
atomicwrites = {version = ">=1.0", markers = "sys_platform == \"win32\""}
attrs = ">=19.2.0"
colorama = {version = "*", markers = "sys_platform == \"win32\""}
iniconfig = "*"
packaging = "*"
pluggy = ">=0.12,<2.0"
py = ">=1.8.2"
tomli = ">=1.0.0"

[package.extras]
testing = ["argcomplete", "hypothesis (>=3.56)", "mock", "nose", "pygments (>=2.7.2)", "requests", "xmlschema"]

[[package]]
name = "pytest-cov"
version = "3.0.0"
description = "Pytest plugin for measuring coverage."
category = "dev"
optional = false
python-versions = ">=3.6"

[package.dependencies]
coverage = {version = ">=5.2.1", extras = ["toml"]}
pytest = ">=4.6"

[package.extras]
testing = ["fields", "hunter", "process-tests", "six", "pytest-xdist", "virtualenv"]

[[package]]
name = "pytest-watcher"
version = "0.2.3"
description = "Continiously runs pytest on changes in *.py files"
category = "dev"
optional = false
python-versions = ">=3.6.2,<4.0.0"

[package.dependencies]
watchdog = ">=2.0.0"

[[package]]
name = "python-dateutil"
version = "2.8.2"
description = "Extensions to the standard Python datetime module"
category = "main"
optional = false
python-versions = "!=3.0.*,!=3.1.*,!=3.2.*,>=2.7"

[package.dependencies]
six = ">=1.5"

[[package]]
name = "pytz"
version = "2022.1"
description = "World timezone definitions, modern and historical"
category = "main"
optional = false
python-versions = "*"

[[package]]
name = "six"
version = "1.16.0"
description = "Python 2 and 3 compatibility utilities"
category = "main"
optional = false
python-versions = ">=2.7, !=3.0.*, !=3.1.*, !=3.2.*"

[[package]]
name = "tomli"
version = "2.0.1"
description = "A lil' TOML parser"
category = "main"
optional = false
python-versions = ">=3.7"

[[package]]
name = "typing-extensions"
version = "4.2.0"
description = "Backported and Experimental Type Hints for Python 3.7+"
category = "main"
optional = false
python-versions = ">=3.7"

[[package]]
name = "watchdog"
version = "2.1.7"
description = "Filesystem events monitoring"
category = "dev"
optional = false
python-versions = ">=3.6"

[package.extras]
watchmedo = ["PyYAML (>=3.10)"]

[extras]
duckdb = ["duckdb", "pyarrow"]

[metadata]
lock-version = "1.1"
python-versions = "^3.9"
content-hash = "2379392bb7204e9dd94e76922bc1d489358840f8d83400c1a027419bd85422c3"

[metadata.files]
atomicwrites = [
    {file = "atomicwrites-1.4.0-py2.py3-none-any.whl", hash = "sha256:6d1784dea7c0c8d4a5172b6c620f40b6e4cbfdf96d783691f2e1302a7b88e197"},
    {file = "atomicwrites-1.4.0.tar.gz", hash = "sha256:ae70396ad1a434f9c7046fd2dd196fc04b12f9e91ffb859164193be8b6168a7a"},
]
attrs = [
    {file = "attrs-21.4.0-py2.py3-none-any.whl", hash = "sha256:2d27e3784d7a565d36ab851fe94887c5eccd6a463168875832a1be79c82828b4"},
    {file = "attrs-21.4.0.tar.gz", hash = "sha256:626ba8234211db98e869df76230a137c4c40a12d72445c45d5f5b716f076e2fd"},
]
colorama = [
    {file = "colorama-0.4.4-py2.py3-none-any.whl", hash = "sha256:9f47eda37229f68eee03b24b9748937c7dc3868f906e8ba69fbcbdd3bc5dc3e2"},
    {file = "colorama-0.4.4.tar.gz", hash = "sha256:5941b2b48a20143d2267e95b1c2a7603ce057ee39fd88e7329b0c292aa16869b"},
]
coverage = [
    {file = "coverage-6.3.2-cp310-cp310-macosx_10_9_x86_64.whl", hash = "sha256:9b27d894748475fa858f9597c0ee1d4829f44683f3813633aaf94b19cb5453cf"},
    {file = "coverage-6.3.2-cp310-cp310-macosx_11_0_arm64.whl", hash = "sha256:37d1141ad6b2466a7b53a22e08fe76994c2d35a5b6b469590424a9953155afac"},
    {file = "coverage-6.3.2-cp310-cp310-manylinux_2_17_aarch64.manylinux2014_aarch64.whl", hash = "sha256:f9987b0354b06d4df0f4d3e0ec1ae76d7ce7cbca9a2f98c25041eb79eec766f1"},
    {file = "coverage-6.3.2-cp310-cp310-manylinux_2_5_i686.manylinux1_i686.manylinux_2_17_i686.manylinux2014_i686.whl", hash = "sha256:26e2deacd414fc2f97dd9f7676ee3eaecd299ca751412d89f40bc01557a6b1b4"},
    {file = "coverage-6.3.2-cp310-cp310-manylinux_2_5_x86_64.manylinux1_x86_64.manylinux_2_17_x86_64.manylinux2014_x86_64.whl", hash = "sha256:4dd8bafa458b5c7d061540f1ee9f18025a68e2d8471b3e858a9dad47c8d41903"},
    {file = "coverage-6.3.2-cp310-cp310-musllinux_1_1_aarch64.whl", hash = "sha256:46191097ebc381fbf89bdce207a6c107ac4ec0890d8d20f3360345ff5976155c"},
    {file = "coverage-6.3.2-cp310-cp310-musllinux_1_1_i686.whl", hash = "sha256:6f89d05e028d274ce4fa1a86887b071ae1755082ef94a6740238cd7a8178804f"},
    {file = "coverage-6.3.2-cp310-cp310-musllinux_1_1_x86_64.whl", hash = "sha256:58303469e9a272b4abdb9e302a780072c0633cdcc0165db7eec0f9e32f901e05"},
    {file = "coverage-6.3.2-cp310-cp310-win32.whl", hash = "sha256:2fea046bfb455510e05be95e879f0e768d45c10c11509e20e06d8fcaa31d9e39"},
    {file = "coverage-6.3.2-cp310-cp310-win_amd64.whl", hash = "sha256:a2a8b8bcc399edb4347a5ca8b9b87e7524c0967b335fbb08a83c8421489ddee1"},
    {file = "coverage-6.3.2-cp37-cp37m-macosx_10_9_x86_64.whl", hash = "sha256:f1555ea6d6da108e1999b2463ea1003fe03f29213e459145e70edbaf3e004aaa"},
    {file = "coverage-6.3.2-cp37-cp37m-manylinux_2_17_aarch64.manylinux2014_aarch64.whl", hash = "sha256:e5f4e1edcf57ce94e5475fe09e5afa3e3145081318e5fd1a43a6b4539a97e518"},
    {file = "coverage-6.3.2-cp37-cp37m-manylinux_2_5_i686.manylinux1_i686.manylinux_2_17_i686.manylinux2014_i686.whl", hash = "sha256:7a15dc0a14008f1da3d1ebd44bdda3e357dbabdf5a0b5034d38fcde0b5c234b7"},
    {file = "coverage-6.3.2-cp37-cp37m-manylinux_2_5_x86_64.manylinux1_x86_64.manylinux_2_17_x86_64.manylinux2014_x86_64.whl", hash = "sha256:21b7745788866028adeb1e0eca3bf1101109e2dc58456cb49d2d9b99a8c516e6"},
    {file = "coverage-6.3.2-cp37-cp37m-musllinux_1_1_aarch64.whl", hash = "sha256:8ce257cac556cb03be4a248d92ed36904a59a4a5ff55a994e92214cde15c5bad"},
    {file = "coverage-6.3.2-cp37-cp37m-musllinux_1_1_i686.whl", hash = "sha256:b0be84e5a6209858a1d3e8d1806c46214e867ce1b0fd32e4ea03f4bd8b2e3359"},
    {file = "coverage-6.3.2-cp37-cp37m-musllinux_1_1_x86_64.whl", hash = "sha256:acf53bc2cf7282ab9b8ba346746afe703474004d9e566ad164c91a7a59f188a4"},
    {file = "coverage-6.3.2-cp37-cp37m-win32.whl", hash = "sha256:8bdde1177f2311ee552f47ae6e5aa7750c0e3291ca6b75f71f7ffe1f1dab3dca"},
    {file = "coverage-6.3.2-cp37-cp37m-win_amd64.whl", hash = "sha256:b31651d018b23ec463e95cf10070d0b2c548aa950a03d0b559eaa11c7e5a6fa3"},
    {file = "coverage-6.3.2-cp38-cp38-macosx_10_9_x86_64.whl", hash = "sha256:07e6db90cd9686c767dcc593dff16c8c09f9814f5e9c51034066cad3373b914d"},
    {file = "coverage-6.3.2-cp38-cp38-macosx_11_0_arm64.whl", hash = "sha256:2c6dbb42f3ad25760010c45191e9757e7dce981cbfb90e42feef301d71540059"},
    {file = "coverage-6.3.2-cp38-cp38-manylinux_2_17_aarch64.manylinux2014_aarch64.whl", hash = "sha256:c76aeef1b95aff3905fb2ae2d96e319caca5b76fa41d3470b19d4e4a3a313512"},
    {file = "coverage-6.3.2-cp38-cp38-manylinux_2_5_i686.manylinux1_i686.manylinux_2_17_i686.manylinux2014_i686.whl", hash = "sha256:8cf5cfcb1521dc3255d845d9dca3ff204b3229401994ef8d1984b32746bb45ca"},
    {file = "coverage-6.3.2-cp38-cp38-manylinux_2_5_x86_64.manylinux1_x86_64.manylinux_2_17_x86_64.manylinux2014_x86_64.whl", hash = "sha256:8fbbdc8d55990eac1b0919ca69eb5a988a802b854488c34b8f37f3e2025fa90d"},
    {file = "coverage-6.3.2-cp38-cp38-musllinux_1_1_aarch64.whl", hash = "sha256:ec6bc7fe73a938933d4178c9b23c4e0568e43e220aef9472c4f6044bfc6dd0f0"},
    {file = "coverage-6.3.2-cp38-cp38-musllinux_1_1_i686.whl", hash = "sha256:9baff2a45ae1f17c8078452e9e5962e518eab705e50a0aa8083733ea7d45f3a6"},
    {file = "coverage-6.3.2-cp38-cp38-musllinux_1_1_x86_64.whl", hash = "sha256:fd9e830e9d8d89b20ab1e5af09b32d33e1a08ef4c4e14411e559556fd788e6b2"},
    {file = "coverage-6.3.2-cp38-cp38-win32.whl", hash = "sha256:f7331dbf301b7289013175087636bbaf5b2405e57259dd2c42fdcc9fcc47325e"},
    {file = "coverage-6.3.2-cp38-cp38-win_amd64.whl", hash = "sha256:68353fe7cdf91f109fc7d474461b46e7f1f14e533e911a2a2cbb8b0fc8613cf1"},
    {file = "coverage-6.3.2-cp39-cp39-macosx_10_9_x86_64.whl", hash = "sha256:b78e5afb39941572209f71866aa0b206c12f0109835aa0d601e41552f9b3e620"},
    {file = "coverage-6.3.2-cp39-cp39-macosx_11_0_arm64.whl", hash = "sha256:4e21876082ed887baed0146fe222f861b5815455ada3b33b890f4105d806128d"},
    {file = "coverage-6.3.2-cp39-cp39-manylinux_2_17_aarch64.manylinux2014_aarch64.whl", hash = "sha256:34626a7eee2a3da12af0507780bb51eb52dca0e1751fd1471d0810539cefb536"},
    {file = "coverage-6.3.2-cp39-cp39-manylinux_2_5_i686.manylinux1_i686.manylinux_2_17_i686.manylinux2014_i686.whl", hash = "sha256:1ebf730d2381158ecf3dfd4453fbca0613e16eaa547b4170e2450c9707665ce7"},
    {file = "coverage-6.3.2-cp39-cp39-manylinux_2_5_x86_64.manylinux1_x86_64.manylinux_2_17_x86_64.manylinux2014_x86_64.whl", hash = "sha256:dd6fe30bd519694b356cbfcaca9bd5c1737cddd20778c6a581ae20dc8c04def2"},
    {file = "coverage-6.3.2-cp39-cp39-musllinux_1_1_aarch64.whl", hash = "sha256:96f8a1cb43ca1422f36492bebe63312d396491a9165ed3b9231e778d43a7fca4"},
    {file = "coverage-6.3.2-cp39-cp39-musllinux_1_1_i686.whl", hash = "sha256:dd035edafefee4d573140a76fdc785dc38829fe5a455c4bb12bac8c20cfc3d69"},
    {file = "coverage-6.3.2-cp39-cp39-musllinux_1_1_x86_64.whl", hash = "sha256:5ca5aeb4344b30d0bec47481536b8ba1181d50dbe783b0e4ad03c95dc1296684"},
    {file = "coverage-6.3.2-cp39-cp39-win32.whl", hash = "sha256:f5fa5803f47e095d7ad8443d28b01d48c0359484fec1b9d8606d0e3282084bc4"},
    {file = "coverage-6.3.2-cp39-cp39-win_amd64.whl", hash = "sha256:9548f10d8be799551eb3a9c74bbf2b4934ddb330e08a73320123c07f95cc2d92"},
    {file = "coverage-6.3.2-pp36.pp37.pp38-none-any.whl", hash = "sha256:18d520c6860515a771708937d2f78f63cc47ab3b80cb78e86573b0a760161faf"},
    {file = "coverage-6.3.2.tar.gz", hash = "sha256:03e2a7826086b91ef345ff18742ee9fc47a6839ccd517061ef8fa1976e652ce9"},
]
duckdb = [
    {file = "duckdb-0.3.4-cp310-cp310-macosx_10_9_universal2.whl", hash = "sha256:4ecfa5e8c6bde61efead473b05b35ed989dc08fe76c7ab1c931e4c16e082b10b"},
    {file = "duckdb-0.3.4-cp310-cp310-macosx_10_9_x86_64.whl", hash = "sha256:7bda539e070d08391b36370e847122350c66d90d9fdf20727b23cde86847fa39"},
    {file = "duckdb-0.3.4-cp310-cp310-macosx_11_0_arm64.whl", hash = "sha256:6d913ea8d59c4004508ed2a21b70dcf7c5cd5d667e7a48efac01e0453627aadc"},
    {file = "duckdb-0.3.4-cp310-cp310-manylinux_2_17_i686.manylinux2014_i686.whl", hash = "sha256:eeab0867e5194e14ea39dbe1d14164c058c9d9fff1328b120361fa6da87aa622"},
    {file = "duckdb-0.3.4-cp310-cp310-manylinux_2_17_x86_64.manylinux2014_x86_64.whl", hash = "sha256:0695ee38ad8b2fa4390507ef75c491c93bb508dbe636fec4d08f66bc20b2f911"},
    {file = "duckdb-0.3.4-cp310-cp310-musllinux_1_1_i686.whl", hash = "sha256:b4a743dc8f1e78539070295be548dfbb7a01c1625d2e37f2414068378a11c3d5"},
    {file = "duckdb-0.3.4-cp310-cp310-musllinux_1_1_x86_64.whl", hash = "sha256:6202a9f611aa6526db9699ba625ee0518ca3e269642d6955b995375285f38a7e"},
    {file = "duckdb-0.3.4-cp310-cp310-win32.whl", hash = "sha256:f3452e6780756508f07cd45b696dd92a08adac02d032442ffb4146578c31ff19"},
    {file = "duckdb-0.3.4-cp310-cp310-win_amd64.whl", hash = "sha256:e27f5a6e486785797afc109204dffc81982e6eb0af2001e1e1709dd25c0c203d"},
    {file = "duckdb-0.3.4-cp36-cp36m-macosx_10_9_x86_64.whl", hash = "sha256:6e0b88fd0a905e23efb5555f22b980952494c9b94f103c14ea3b613019522095"},
    {file = "duckdb-0.3.4-cp36-cp36m-win32.whl", hash = "sha256:99ba0cdfbbaee22828cb936c4c324617476970359ff6a9e80b5b7daf4269c500"},
    {file = "duckdb-0.3.4-cp36-cp36m-win_amd64.whl", hash = "sha256:03020e992d6093a68ab597e11da2e34587863f238bcc317690e1fec1e93bca41"},
    {file = "duckdb-0.3.4-cp37-cp37m-macosx_10_9_x86_64.whl", hash = "sha256:d6280debb6c10a44b1efa073ba07fb067911f3e11d7f5ae9db715478a819a67d"},
    {file = "duckdb-0.3.4-cp37-cp37m-manylinux_2_17_i686.manylinux2014_i686.whl", hash = "sha256:4b2107da403605bf68692ed5b9194e5692290bd73fa9abdd48fde82be0d6457d"},
    {file = "duckdb-0.3.4-cp37-cp37m-manylinux_2_17_x86_64.manylinux2014_x86_64.whl", hash = "sha256:e47ab2f2112a258f2e8fae66321009bb51253d674fadf7dd964be0886514684c"},
    {file = "duckdb-0.3.4-cp37-cp37m-musllinux_1_1_i686.whl", hash = "sha256:9df6867017644f016cde47da37de57065540d3cfa410e50b943bd90f42d96110"},
    {file = "duckdb-0.3.4-cp37-cp37m-musllinux_1_1_x86_64.whl", hash = "sha256:0da2cadcdfbf9aa2e34eba9cc4413ed7c635aaa0bb4cafef7eb37d951f205223"},
    {file = "duckdb-0.3.4-cp37-cp37m-win32.whl", hash = "sha256:672645773abbe32801bf543d12a1189dbc67122db4da6b90a57f3acecd525dbf"},
    {file = "duckdb-0.3.4-cp37-cp37m-win_amd64.whl", hash = "sha256:6fa14f1d3cf225f788ad7f055e25b98d99c06d3a379df4b788fdf66ebe7f9b98"},
    {file = "duckdb-0.3.4-cp38-cp38-macosx_10_9_universal2.whl", hash = "sha256:155f6717ad9fe1aa99d8d631508d2577b06519661b7e30cb14cff46a0446558c"},
    {file = "duckdb-0.3.4-cp38-cp38-macosx_10_9_x86_64.whl", hash = "sha256:013a65ddac424d2d778dff37d5b1e91c2f68365436cc8ec76ea45a906313e0bf"},
    {file = "duckdb-0.3.4-cp38-cp38-macosx_11_0_arm64.whl", hash = "sha256:ba1d627a913154c651daca5ca168b8fa49caa6792a61f069f30eae645a8d52cd"},
    {file = "duckdb-0.3.4-cp38-cp38-manylinux_2_17_i686.manylinux2014_i686.whl", hash = "sha256:e8d4e960945955b19ba051e5bb0d6b17c3bcea3d29f9114bb94faaa7585df8c5"},
    {file = "duckdb-0.3.4-cp38-cp38-manylinux_2_17_x86_64.manylinux2014_x86_64.whl", hash = "sha256:56ecd82eb31d89ff349059fd909e02906efa1971faeec1a0f7a81357d09d1ad9"},
    {file = "duckdb-0.3.4-cp38-cp38-musllinux_1_1_i686.whl", hash = "sha256:78c8d2c6629e14140fd038402bf3cbb8c2017ba68148c29c66f8142ffa8f3a39"},
    {file = "duckdb-0.3.4-cp38-cp38-musllinux_1_1_x86_64.whl", hash = "sha256:4811c3fd101d1561d46b5d6c7b9915c3b2adbc8a6270e7cddc63411c6a4b4a0c"},
    {file = "duckdb-0.3.4-cp38-cp38-win32.whl", hash = "sha256:aa42d850cf2dd3f5f664f7a9c8be548f8618064ca6260808fa4e361a334ce2b1"},
    {file = "duckdb-0.3.4-cp38-cp38-win_amd64.whl", hash = "sha256:6ec0be5153a35e3a7462c014a90bba81964f63f114af3f25384b97b0bf5fcae7"},
    {file = "duckdb-0.3.4-cp39-cp39-macosx_10_9_universal2.whl", hash = "sha256:e35d92606c34cfb56f084eca2540db6573b260f974245465f6dae9dbcdbe6434"},
    {file = "duckdb-0.3.4-cp39-cp39-macosx_10_9_x86_64.whl", hash = "sha256:54cf2d11ea8e8a9d474a83137ea654a66b2ac7ea26f615ef4498b9e3fb5091f1"},
    {file = "duckdb-0.3.4-cp39-cp39-macosx_11_0_arm64.whl", hash = "sha256:de8762917c1349c1517487500d5975c2788f3544b82ae341d79984eaa836e20a"},
    {file = "duckdb-0.3.4-cp39-cp39-manylinux_2_17_i686.manylinux2014_i686.whl", hash = "sha256:60a163e65a1afdf410b2b9cbecd124875a53e53ad9271bdd66ed98ae42034778"},
    {file = "duckdb-0.3.4-cp39-cp39-manylinux_2_17_x86_64.manylinux2014_x86_64.whl", hash = "sha256:f552592ac977d368ea02c6a89b62373fb53a49a36aa8e7d3b3c89999ee420010"},
    {file = "duckdb-0.3.4-cp39-cp39-musllinux_1_1_i686.whl", hash = "sha256:a1c355929e06f22f35a2d3a74c16721d7b2ecd35e5088bf9722f1ca574ff5a2b"},
    {file = "duckdb-0.3.4-cp39-cp39-musllinux_1_1_x86_64.whl", hash = "sha256:f5c65d6a4afa8c313c612d6bc92bca055f1cbcc81646640d5dde797c745b7876"},
    {file = "duckdb-0.3.4-cp39-cp39-win32.whl", hash = "sha256:79256b5521c3945f540dd4ccfcc7658d18e98a42ba619c5571eb075fc234b5a1"},
    {file = "duckdb-0.3.4-cp39-cp39-win_amd64.whl", hash = "sha256:f38cdf5a55a4a4f18c30d2ad73055d4531679fa3282cb08cacf2646f0a0150be"},
    {file = "duckdb-0.3.4.tar.gz", hash = "sha256:ab94cfc9e4c25f93d4a7be2063879475c308d771d53588bfd6198a89a8c2bcd2"},
]
iniconfig = [
    {file = "iniconfig-1.1.1-py2.py3-none-any.whl", hash = "sha256:011e24c64b7f47f6ebd835bb12a743f2fbe9a26d4cecaa7f53bc4f35ee9da8b3"},
    {file = "iniconfig-1.1.1.tar.gz", hash = "sha256:bc3af051d7d14b2ee5ef9969666def0cd1a000e121eaea580d4a313df4b37f32"},
]
isort = [
    {file = "isort-5.10.1-py3-none-any.whl", hash = "sha256:6f62d78e2f89b4500b080fe3a81690850cd254227f27f75c3a0c491a1f351ba7"},
    {file = "isort-5.10.1.tar.gz", hash = "sha256:e8443a5e7a020e9d7f97f1d7d9cd17c88bcb3bc7e218bf9cf5095fe550be2951"},
]
numpy = [
    {file = "numpy-1.22.3-cp310-cp310-macosx_10_14_x86_64.whl", hash = "sha256:92bfa69cfbdf7dfc3040978ad09a48091143cffb778ec3b03fa170c494118d75"},
    {file = "numpy-1.22.3-cp310-cp310-macosx_11_0_arm64.whl", hash = "sha256:8251ed96f38b47b4295b1ae51631de7ffa8260b5b087808ef09a39a9d66c97ab"},
    {file = "numpy-1.22.3-cp310-cp310-manylinux_2_17_aarch64.manylinux2014_aarch64.whl", hash = "sha256:48a3aecd3b997bf452a2dedb11f4e79bc5bfd21a1d4cc760e703c31d57c84b3e"},
    {file = "numpy-1.22.3-cp310-cp310-manylinux_2_17_x86_64.manylinux2014_x86_64.whl", hash = "sha256:a3bae1a2ed00e90b3ba5f7bd0a7c7999b55d609e0c54ceb2b076a25e345fa9f4"},
    {file = "numpy-1.22.3-cp310-cp310-win32.whl", hash = "sha256:f950f8845b480cffe522913d35567e29dd381b0dc7e4ce6a4a9f9156417d2430"},
    {file = "numpy-1.22.3-cp310-cp310-win_amd64.whl", hash = "sha256:08d9b008d0156c70dc392bb3ab3abb6e7a711383c3247b410b39962263576cd4"},
    {file = "numpy-1.22.3-cp38-cp38-macosx_10_14_x86_64.whl", hash = "sha256:201b4d0552831f7250a08d3b38de0d989d6f6e4658b709a02a73c524ccc6ffce"},
    {file = "numpy-1.22.3-cp38-cp38-macosx_11_0_arm64.whl", hash = "sha256:f8c1f39caad2c896bc0018f699882b345b2a63708008be29b1f355ebf6f933fe"},
    {file = "numpy-1.22.3-cp38-cp38-manylinux_2_17_aarch64.manylinux2014_aarch64.whl", hash = "sha256:568dfd16224abddafb1cbcce2ff14f522abe037268514dd7e42c6776a1c3f8e5"},
    {file = "numpy-1.22.3-cp38-cp38-manylinux_2_17_x86_64.manylinux2014_x86_64.whl", hash = "sha256:3ca688e1b9b95d80250bca34b11a05e389b1420d00e87a0d12dc45f131f704a1"},
    {file = "numpy-1.22.3-cp38-cp38-win32.whl", hash = "sha256:e7927a589df200c5e23c57970bafbd0cd322459aa7b1ff73b7c2e84d6e3eae62"},
    {file = "numpy-1.22.3-cp38-cp38-win_amd64.whl", hash = "sha256:07a8c89a04997625236c5ecb7afe35a02af3896c8aa01890a849913a2309c676"},
    {file = "numpy-1.22.3-cp39-cp39-macosx_10_14_x86_64.whl", hash = "sha256:2c10a93606e0b4b95c9b04b77dc349b398fdfbda382d2a39ba5a822f669a0123"},
    {file = "numpy-1.22.3-cp39-cp39-macosx_11_0_arm64.whl", hash = "sha256:fade0d4f4d292b6f39951b6836d7a3c7ef5b2347f3c420cd9820a1d90d794802"},
    {file = "numpy-1.22.3-cp39-cp39-manylinux_2_17_aarch64.manylinux2014_aarch64.whl", hash = "sha256:5bfb1bb598e8229c2d5d48db1860bcf4311337864ea3efdbe1171fb0c5da515d"},
    {file = "numpy-1.22.3-cp39-cp39-manylinux_2_17_x86_64.manylinux2014_x86_64.whl", hash = "sha256:97098b95aa4e418529099c26558eeb8486e66bd1e53a6b606d684d0c3616b168"},
    {file = "numpy-1.22.3-cp39-cp39-win32.whl", hash = "sha256:fdf3c08bce27132395d3c3ba1503cac12e17282358cb4bddc25cc46b0aca07aa"},
    {file = "numpy-1.22.3-cp39-cp39-win_amd64.whl", hash = "sha256:639b54cdf6aa4f82fe37ebf70401bbb74b8508fddcf4797f9fe59615b8c5813a"},
    {file = "numpy-1.22.3-pp38-pypy38_pp73-manylinux_2_17_x86_64.manylinux2014_x86_64.whl", hash = "sha256:c34ea7e9d13a70bf2ab64a2532fe149a9aced424cd05a2c4ba662fd989e3e45f"},
    {file = "numpy-1.22.3.zip", hash = "sha256:dbc7601a3b7472d559dc7b933b18b4b66f9aa7452c120e87dfb33d02008c8a18"},
]
packaging = [
    {file = "packaging-21.3-py3-none-any.whl", hash = "sha256:ef103e05f519cdc783ae24ea4e2e0f508a9c99b2d4969652eed6a2e1ea5bd522"},
    {file = "packaging-21.3.tar.gz", hash = "sha256:dd47c42927d89ab911e606518907cc2d3a1f38bbd026385970643f9c5b8ecfeb"},
]
pandas = [
    {file = "pandas-1.4.2-cp310-cp310-macosx_10_9_universal2.whl", hash = "sha256:be67c782c4f1b1f24c2f16a157e12c2693fd510f8df18e3287c77f33d124ed07"},
    {file = "pandas-1.4.2-cp310-cp310-macosx_10_9_x86_64.whl", hash = "sha256:5a206afa84ed20e07603f50d22b5f0db3fb556486d8c2462d8bc364831a4b417"},
    {file = "pandas-1.4.2-cp310-cp310-macosx_11_0_arm64.whl", hash = "sha256:0010771bd9223f7afe5f051eb47c4a49534345dfa144f2f5470b27189a4dd3b5"},
    {file = "pandas-1.4.2-cp310-cp310-manylinux_2_17_aarch64.manylinux2014_aarch64.whl", hash = "sha256:3228198333dd13c90b6434ddf61aa6d57deaca98cf7b654f4ad68a2db84f8cfe"},
    {file = "pandas-1.4.2-cp310-cp310-manylinux_2_17_x86_64.manylinux2014_x86_64.whl", hash = "sha256:5b79af3a69e5175c6fa7b4e046b21a646c8b74e92c6581a9d825687d92071b51"},
    {file = "pandas-1.4.2-cp310-cp310-win_amd64.whl", hash = "sha256:5586cc95692564b441f4747c47c8a9746792e87b40a4680a2feb7794defb1ce3"},
    {file = "pandas-1.4.2-cp38-cp38-macosx_10_9_universal2.whl", hash = "sha256:061609334a8182ab500a90fe66d46f6f387de62d3a9cb9aa7e62e3146c712167"},
    {file = "pandas-1.4.2-cp38-cp38-macosx_10_9_x86_64.whl", hash = "sha256:b8134651258bce418cb79c71adeff0a44090c98d955f6953168ba16cc285d9f7"},
    {file = "pandas-1.4.2-cp38-cp38-macosx_11_0_arm64.whl", hash = "sha256:df82739e00bb6daf4bba4479a40f38c718b598a84654cbd8bb498fd6b0aa8c16"},
    {file = "pandas-1.4.2-cp38-cp38-manylinux_2_17_aarch64.manylinux2014_aarch64.whl", hash = "sha256:385c52e85aaa8ea6a4c600a9b2821181a51f8be0aee3af6f2dcb41dafc4fc1d0"},
    {file = "pandas-1.4.2-cp38-cp38-manylinux_2_17_x86_64.manylinux2014_x86_64.whl", hash = "sha256:295872bf1a09758aba199992c3ecde455f01caf32266d50abc1a073e828a7b9d"},
    {file = "pandas-1.4.2-cp38-cp38-win32.whl", hash = "sha256:95c1e422ced0199cf4a34385ff124b69412c4bc912011ce895582bee620dfcaa"},
    {file = "pandas-1.4.2-cp38-cp38-win_amd64.whl", hash = "sha256:5c54ea4ef3823108cd4ec7fb27ccba4c3a775e0f83e39c5e17f5094cb17748bc"},
    {file = "pandas-1.4.2-cp39-cp39-macosx_10_9_universal2.whl", hash = "sha256:c072c7f06b9242c855ed8021ff970c0e8f8b10b35e2640c657d2a541c5950f59"},
    {file = "pandas-1.4.2-cp39-cp39-macosx_10_9_x86_64.whl", hash = "sha256:f549097993744ff8c41b5e8f2f0d3cbfaabe89b4ae32c8c08ead6cc535b80139"},
    {file = "pandas-1.4.2-cp39-cp39-macosx_11_0_arm64.whl", hash = "sha256:ff08a14ef21d94cdf18eef7c569d66f2e24e0bc89350bcd7d243dd804e3b5eb2"},
    {file = "pandas-1.4.2-cp39-cp39-manylinux_2_17_aarch64.manylinux2014_aarch64.whl", hash = "sha256:8c5bf555b6b0075294b73965adaafb39cf71c312e38c5935c93d78f41c19828a"},
    {file = "pandas-1.4.2-cp39-cp39-manylinux_2_17_x86_64.manylinux2014_x86_64.whl", hash = "sha256:51649ef604a945f781105a6d2ecf88db7da0f4868ac5d45c51cb66081c4d9c73"},
    {file = "pandas-1.4.2-cp39-cp39-win32.whl", hash = "sha256:d0d4f13e4be7ce89d7057a786023c461dd9370040bdb5efa0a7fe76b556867a0"},
    {file = "pandas-1.4.2-cp39-cp39-win_amd64.whl", hash = "sha256:09d8be7dd9e1c4c98224c4dfe8abd60d145d934e9fc1f5f411266308ae683e6a"},
    {file = "pandas-1.4.2.tar.gz", hash = "sha256:92bc1fc585f1463ca827b45535957815b7deb218c549b7c18402c322c7549a12"},
]
pluggy = [
    {file = "pluggy-1.0.0-py2.py3-none-any.whl", hash = "sha256:74134bbf457f031a36d68416e1509f34bd5ccc019f0bcc952c7b909d06b37bd3"},
    {file = "pluggy-1.0.0.tar.gz", hash = "sha256:4224373bacce55f955a878bf9cfa763c1e360858e330072059e10bad68531159"},
]
polars = [
    {file = "polars-0.13.25-cp37-abi3-macosx_10_7_x86_64.whl", hash = "sha256:c4d2185b066e418e37633f30cccc1be0811ec424db7b8087039efe4c0bce8158"},
    {file = "polars-0.13.25-cp37-abi3-macosx_11_0_arm64.whl", hash = "sha256:bd4b0acf27cafb17ab18669f9214d7a68a78972beb9bab6f1cce3c30b2e5bd18"},
    {file = "polars-0.13.25-cp37-abi3-manylinux_2_12_x86_64.manylinux2010_x86_64.whl", hash = "sha256:7f74692d25d1efa881df8987f40f0f90a5380b341a2bec2c9c33d691bda98b63"},
    {file = "polars-0.13.25-cp37-abi3-manylinux_2_24_aarch64.whl", hash = "sha256:cbfc2f30206288061ef16730fbb070a07842d167dd3b3c9cbb27a8703e4ba88c"},
    {file = "polars-0.13.25-cp37-abi3-win_amd64.whl", hash = "sha256:bcc7a777a6477e9c87c913509adfd70d5fa89d214d7d41b52438f9b41c40ae96"},
    {file = "polars-0.13.25.tar.gz", hash = "sha256:a1aebf4d32ddbb6165671ff1671163eeb7ea0d42d77d5b532d2886002c565096"},
]
py = [
    {file = "py-1.11.0-py2.py3-none-any.whl", hash = "sha256:607c53218732647dff4acdfcd50cb62615cedf612e72d1724fb1a0cc6405b378"},
    {file = "py-1.11.0.tar.gz", hash = "sha256:51c75c4126074b472f746a24399ad32f6053d1b34b68d2fa41e558e6f4a98719"},
]
pyarrow = [
    {file = "pyarrow-7.0.0-cp310-cp310-macosx_10_13_universal2.whl", hash = "sha256:0f15213f380539c9640cb2413dc677b55e70f04c9e98cfc2e1d8b36c770e1036"},
    {file = "pyarrow-7.0.0-cp310-cp310-macosx_10_13_x86_64.whl", hash = "sha256:29c4e3b3be0b94d07ff4921a5e410fc690a3a066a850a302fc504de5fc638495"},
    {file = "pyarrow-7.0.0-cp310-cp310-macosx_10_9_x86_64.whl", hash = "sha256:8a9bfc8a016bcb8f9a8536d2fa14a890b340bc7a236275cd60fd4fb8b93ff405"},
    {file = "pyarrow-7.0.0-cp310-cp310-macosx_11_0_arm64.whl", hash = "sha256:49d431ed644a3e8f53ae2bbf4b514743570b495b5829548db51610534b6eeee7"},
    {file = "pyarrow-7.0.0-cp310-cp310-manylinux_2_12_x86_64.manylinux2010_x86_64.whl", hash = "sha256:aa6442a321c1e49480b3d436f7d631c895048a16df572cf71c23c6b53c45ed66"},
    {file = "pyarrow-7.0.0-cp310-cp310-manylinux_2_17_aarch64.manylinux2014_aarch64.whl", hash = "sha256:f6b01a23cb401750092c6f7c4dcae67cd8fd6b99ae710e26f654f23508f25f25"},
    {file = "pyarrow-7.0.0-cp310-cp310-manylinux_2_17_x86_64.manylinux2014_x86_64.whl", hash = "sha256:0f10928745c6ff66e121552731409803bed86c66ac79c64c90438b053b5242c5"},
    {file = "pyarrow-7.0.0-cp310-cp310-win_amd64.whl", hash = "sha256:759090caa1474cafb5e68c93a9bd6cb45d8bb8e4f2cad2f1a0cc9439bae8ae88"},
    {file = "pyarrow-7.0.0-cp37-cp37m-macosx_10_13_x86_64.whl", hash = "sha256:e3fe34bcfc28d9c4a747adc3926d2307a04c5c50b89155946739515ccfe5eab0"},
    {file = "pyarrow-7.0.0-cp37-cp37m-macosx_10_9_x86_64.whl", hash = "sha256:040dce5345603e4e621bcf4f3b21f18d557852e7b15307e559bb14c8951c8714"},
    {file = "pyarrow-7.0.0-cp37-cp37m-manylinux_2_12_x86_64.manylinux2010_x86_64.whl", hash = "sha256:ed4b647c3345ae3463d341a9d28d0260cd302fb92ecf4e2e3e0f1656d6e0e55c"},
    {file = "pyarrow-7.0.0-cp37-cp37m-manylinux_2_17_aarch64.manylinux2014_aarch64.whl", hash = "sha256:e7fecd5d5604f47e003f50887a42aee06cb8b7bf8e8bf7dc543a22331d9ba832"},
    {file = "pyarrow-7.0.0-cp37-cp37m-manylinux_2_17_x86_64.manylinux2014_x86_64.whl", hash = "sha256:1f2d00b892fe865e43346acb78761ba268f8bb1cbdba588816590abcb780ee3d"},
    {file = "pyarrow-7.0.0-cp37-cp37m-win_amd64.whl", hash = "sha256:f439f7d77201681fd31391d189aa6b1322d27c9311a8f2fce7d23972471b02b6"},
    {file = "pyarrow-7.0.0-cp38-cp38-macosx_10_13_x86_64.whl", hash = "sha256:3e06b0e29ce1e32f219c670c6b31c33d25a5b8e29c7828f873373aab78bf30a5"},
    {file = "pyarrow-7.0.0-cp38-cp38-macosx_10_9_x86_64.whl", hash = "sha256:13dc05bcf79dbc1bd2de1b05d26eb64824b85883d019d81ca3c2eca9b68b5a44"},
    {file = "pyarrow-7.0.0-cp38-cp38-macosx_11_0_arm64.whl", hash = "sha256:06183a7ff2b0c030ec0413fc4dc98abad8cf336c78c280a0b7f4bcbebb78d125"},
    {file = "pyarrow-7.0.0-cp38-cp38-manylinux_2_12_x86_64.manylinux2010_x86_64.whl", hash = "sha256:702c5a9f960b56d03569eaaca2c1a05e8728f05ea1a2138ef64234aa53cd5884"},
    {file = "pyarrow-7.0.0-cp38-cp38-manylinux_2_17_aarch64.manylinux2014_aarch64.whl", hash = "sha256:c7313038203df77ec4092d6363dbc0945071caa72635f365f2b1ae0dd7469865"},
    {file = "pyarrow-7.0.0-cp38-cp38-manylinux_2_17_x86_64.manylinux2014_x86_64.whl", hash = "sha256:e87d1f7dc7a0b2ecaeb0c7a883a85710f5b5626d4134454f905571c04bc73d5a"},
    {file = "pyarrow-7.0.0-cp38-cp38-win_amd64.whl", hash = "sha256:ba69488ae25c7fde1a2ae9ea29daf04d676de8960ffd6f82e1e13ca945bb5861"},
    {file = "pyarrow-7.0.0-cp39-cp39-macosx_10_13_universal2.whl", hash = "sha256:11a591f11d2697c751261c9d57e6e5b0d38fdc7f0cc57f4fd6edc657da7737df"},
    {file = "pyarrow-7.0.0-cp39-cp39-macosx_10_13_x86_64.whl", hash = "sha256:6183c700877852dc0f8a76d4c0c2ffd803ba459e2b4a452e355c2d58d48cf39f"},
    {file = "pyarrow-7.0.0-cp39-cp39-macosx_10_9_x86_64.whl", hash = "sha256:d1748154714b543e6ae8452a68d4af85caf5298296a7e5d4d00f1b3021838ac6"},
    {file = "pyarrow-7.0.0-cp39-cp39-macosx_11_0_arm64.whl", hash = "sha256:fcc8f934c7847a88f13ec35feecffb61fe63bb7a3078bd98dd353762e969ce60"},
    {file = "pyarrow-7.0.0-cp39-cp39-manylinux_2_12_x86_64.manylinux2010_x86_64.whl", hash = "sha256:759f59ac77b84878dbd54d06cf6df74ff781b8e7cf9313eeffbb5ec97b94385c"},
    {file = "pyarrow-7.0.0-cp39-cp39-manylinux_2_17_aarch64.manylinux2014_aarch64.whl", hash = "sha256:3d3e3f93ac2993df9c5e1922eab7bdea047b9da918a74e52145399bc1f0099a3"},
    {file = "pyarrow-7.0.0-cp39-cp39-manylinux_2_17_x86_64.manylinux2014_x86_64.whl", hash = "sha256:306120af554e7e137895254a3b4741fad682875a5f6403509cd276de3fe5b844"},
    {file = "pyarrow-7.0.0-cp39-cp39-win_amd64.whl", hash = "sha256:087769dac6e567d58d59b94c4f866b3356c00d3db5b261387ece47e7324c2150"},
    {file = "pyarrow-7.0.0.tar.gz", hash = "sha256:da656cad3c23a2ebb6a307ab01d35fce22f7850059cffafcb90d12590f8f4f38"},
]
pydantic = [
    {file = "pydantic-1.9.0-cp310-cp310-macosx_10_9_x86_64.whl", hash = "sha256:cb23bcc093697cdea2708baae4f9ba0e972960a835af22560f6ae4e7e47d33f5"},
    {file = "pydantic-1.9.0-cp310-cp310-macosx_11_0_arm64.whl", hash = "sha256:1d5278bd9f0eee04a44c712982343103bba63507480bfd2fc2790fa70cd64cf4"},
    {file = "pydantic-1.9.0-cp310-cp310-manylinux_2_17_x86_64.manylinux2014_x86_64.whl", hash = "sha256:ab624700dc145aa809e6f3ec93fb8e7d0f99d9023b713f6a953637429b437d37"},
    {file = "pydantic-1.9.0-cp310-cp310-manylinux_2_5_i686.manylinux1_i686.manylinux_2_17_i686.manylinux2014_i686.whl", hash = "sha256:c8d7da6f1c1049eefb718d43d99ad73100c958a5367d30b9321b092771e96c25"},
    {file = "pydantic-1.9.0-cp310-cp310-musllinux_1_1_i686.whl", hash = "sha256:3c3b035103bd4e2e4a28da9da7ef2fa47b00ee4a9cf4f1a735214c1bcd05e0f6"},
    {file = "pydantic-1.9.0-cp310-cp310-musllinux_1_1_x86_64.whl", hash = "sha256:3011b975c973819883842c5ab925a4e4298dffccf7782c55ec3580ed17dc464c"},
    {file = "pydantic-1.9.0-cp310-cp310-win_amd64.whl", hash = "sha256:086254884d10d3ba16da0588604ffdc5aab3f7f09557b998373e885c690dd398"},
    {file = "pydantic-1.9.0-cp36-cp36m-macosx_10_9_x86_64.whl", hash = "sha256:0fe476769acaa7fcddd17cadd172b156b53546ec3614a4d880e5d29ea5fbce65"},
    {file = "pydantic-1.9.0-cp36-cp36m-manylinux_2_17_x86_64.manylinux2014_x86_64.whl", hash = "sha256:c8e9dcf1ac499679aceedac7e7ca6d8641f0193c591a2d090282aaf8e9445a46"},
    {file = "pydantic-1.9.0-cp36-cp36m-manylinux_2_5_i686.manylinux1_i686.manylinux_2_17_i686.manylinux2014_i686.whl", hash = "sha256:d1e4c28f30e767fd07f2ddc6f74f41f034d1dd6bc526cd59e63a82fe8bb9ef4c"},
    {file = "pydantic-1.9.0-cp36-cp36m-musllinux_1_1_i686.whl", hash = "sha256:c86229333cabaaa8c51cf971496f10318c4734cf7b641f08af0a6fbf17ca3054"},
    {file = "pydantic-1.9.0-cp36-cp36m-musllinux_1_1_x86_64.whl", hash = "sha256:c0727bda6e38144d464daec31dff936a82917f431d9c39c39c60a26567eae3ed"},
    {file = "pydantic-1.9.0-cp36-cp36m-win_amd64.whl", hash = "sha256:dee5ef83a76ac31ab0c78c10bd7d5437bfdb6358c95b91f1ba7ff7b76f9996a1"},
    {file = "pydantic-1.9.0-cp37-cp37m-macosx_10_9_x86_64.whl", hash = "sha256:d9c9bdb3af48e242838f9f6e6127de9be7063aad17b32215ccc36a09c5cf1070"},
    {file = "pydantic-1.9.0-cp37-cp37m-manylinux_2_17_x86_64.manylinux2014_x86_64.whl", hash = "sha256:2ee7e3209db1e468341ef41fe263eb655f67f5c5a76c924044314e139a1103a2"},
    {file = "pydantic-1.9.0-cp37-cp37m-manylinux_2_5_i686.manylinux1_i686.manylinux_2_17_i686.manylinux2014_i686.whl", hash = "sha256:0b6037175234850ffd094ca77bf60fb54b08b5b22bc85865331dd3bda7a02fa1"},
    {file = "pydantic-1.9.0-cp37-cp37m-musllinux_1_1_i686.whl", hash = "sha256:b2571db88c636d862b35090ccf92bf24004393f85c8870a37f42d9f23d13e032"},
    {file = "pydantic-1.9.0-cp37-cp37m-musllinux_1_1_x86_64.whl", hash = "sha256:8b5ac0f1c83d31b324e57a273da59197c83d1bb18171e512908fe5dc7278a1d6"},
    {file = "pydantic-1.9.0-cp37-cp37m-win_amd64.whl", hash = "sha256:bbbc94d0c94dd80b3340fc4f04fd4d701f4b038ebad72c39693c794fd3bc2d9d"},
    {file = "pydantic-1.9.0-cp38-cp38-macosx_10_9_x86_64.whl", hash = "sha256:e0896200b6a40197405af18828da49f067c2fa1f821491bc8f5bde241ef3f7d7"},
    {file = "pydantic-1.9.0-cp38-cp38-macosx_11_0_arm64.whl", hash = "sha256:7bdfdadb5994b44bd5579cfa7c9b0e1b0e540c952d56f627eb227851cda9db77"},
    {file = "pydantic-1.9.0-cp38-cp38-manylinux_2_17_x86_64.manylinux2014_x86_64.whl", hash = "sha256:574936363cd4b9eed8acdd6b80d0143162f2eb654d96cb3a8ee91d3e64bf4cf9"},
    {file = "pydantic-1.9.0-cp38-cp38-manylinux_2_5_i686.manylinux1_i686.manylinux_2_17_i686.manylinux2014_i686.whl", hash = "sha256:c556695b699f648c58373b542534308922c46a1cda06ea47bc9ca45ef5b39ae6"},
    {file = "pydantic-1.9.0-cp38-cp38-musllinux_1_1_i686.whl", hash = "sha256:f947352c3434e8b937e3aa8f96f47bdfe6d92779e44bb3f41e4c213ba6a32145"},
    {file = "pydantic-1.9.0-cp38-cp38-musllinux_1_1_x86_64.whl", hash = "sha256:5e48ef4a8b8c066c4a31409d91d7ca372a774d0212da2787c0d32f8045b1e034"},
    {file = "pydantic-1.9.0-cp38-cp38-win_amd64.whl", hash = "sha256:96f240bce182ca7fe045c76bcebfa0b0534a1bf402ed05914a6f1dadff91877f"},
    {file = "pydantic-1.9.0-cp39-cp39-macosx_10_9_x86_64.whl", hash = "sha256:815ddebb2792efd4bba5488bc8fde09c29e8ca3227d27cf1c6990fc830fd292b"},
    {file = "pydantic-1.9.0-cp39-cp39-macosx_11_0_arm64.whl", hash = "sha256:6c5b77947b9e85a54848343928b597b4f74fc364b70926b3c4441ff52620640c"},
    {file = "pydantic-1.9.0-cp39-cp39-manylinux_2_17_x86_64.manylinux2014_x86_64.whl", hash = "sha256:4c68c3bc88dbda2a6805e9a142ce84782d3930f8fdd9655430d8576315ad97ce"},
    {file = "pydantic-1.9.0-cp39-cp39-manylinux_2_5_i686.manylinux1_i686.manylinux_2_17_i686.manylinux2014_i686.whl", hash = "sha256:5a79330f8571faf71bf93667d3ee054609816f10a259a109a0738dac983b23c3"},
    {file = "pydantic-1.9.0-cp39-cp39-musllinux_1_1_i686.whl", hash = "sha256:f5a64b64ddf4c99fe201ac2724daada8595ada0d102ab96d019c1555c2d6441d"},
    {file = "pydantic-1.9.0-cp39-cp39-musllinux_1_1_x86_64.whl", hash = "sha256:a733965f1a2b4090a5238d40d983dcd78f3ecea221c7af1497b845a9709c1721"},
    {file = "pydantic-1.9.0-cp39-cp39-win_amd64.whl", hash = "sha256:2cc6a4cb8a118ffec2ca5fcb47afbacb4f16d0ab8b7350ddea5e8ef7bcc53a16"},
    {file = "pydantic-1.9.0-py3-none-any.whl", hash = "sha256:085ca1de245782e9b46cefcf99deecc67d418737a1fd3f6a4f511344b613a5b3"},
    {file = "pydantic-1.9.0.tar.gz", hash = "sha256:742645059757a56ecd886faf4ed2441b9c0cd406079c2b4bee51bcc3fbcd510a"},
]
pyparsing = [
    {file = "pyparsing-3.0.8-py3-none-any.whl", hash = "sha256:ef7b523f6356f763771559412c0d7134753f037822dad1b16945b7b846f7ad06"},
    {file = "pyparsing-3.0.8.tar.gz", hash = "sha256:7bf433498c016c4314268d95df76c81b842a4cb2b276fa3312cfb1e1d85f6954"},
]
pytest = [
    {file = "pytest-7.1.2-py3-none-any.whl", hash = "sha256:13d0e3ccfc2b6e26be000cb6568c832ba67ba32e719443bfe725814d3c42433c"},
    {file = "pytest-7.1.2.tar.gz", hash = "sha256:a06a0425453864a270bc45e71f783330a7428defb4230fb5e6a731fde06ecd45"},
]
pytest-cov = [
    {file = "pytest-cov-3.0.0.tar.gz", hash = "sha256:e7f0f5b1617d2210a2cabc266dfe2f4c75a8d32fb89eafb7ad9d06f6d076d470"},
    {file = "pytest_cov-3.0.0-py3-none-any.whl", hash = "sha256:578d5d15ac4a25e5f961c938b85a05b09fdaae9deef3bb6de9a6e766622ca7a6"},
]
pytest-watcher = [
    {file = "pytest-watcher-0.2.3.tar.gz", hash = "sha256:1937dd97e72caafd371d8cea7b3d70c88ff4fe35e6cdecb29c41bbdcbf1dcc2b"},
    {file = "pytest_watcher-0.2.3-py3-none-any.whl", hash = "sha256:af935963399509a5b0e855740ba7227852f1a7fccfbb1cbb79fa19a445af02d2"},
]
python-dateutil = [
    {file = "python-dateutil-2.8.2.tar.gz", hash = "sha256:0123cacc1627ae19ddf3c27a5de5bd67ee4586fbdd6440d9748f8abb483d3e86"},
    {file = "python_dateutil-2.8.2-py2.py3-none-any.whl", hash = "sha256:961d03dc3453ebbc59dbdea9e4e11c5651520a876d0f4db161e8674aae935da9"},
]
pytz = [
    {file = "pytz-2022.1-py2.py3-none-any.whl", hash = "sha256:e68985985296d9a66a881eb3193b0906246245294a881e7c8afe623866ac6a5c"},
    {file = "pytz-2022.1.tar.gz", hash = "sha256:1e760e2fe6a8163bc0b3d9a19c4f84342afa0a2affebfaa84b01b978a02ecaa7"},
]
six = [
    {file = "six-1.16.0-py2.py3-none-any.whl", hash = "sha256:8abb2f1d86890a2dfb989f9a77cfcfd3e47c2a354b01111771326f8aa26e0254"},
    {file = "six-1.16.0.tar.gz", hash = "sha256:1e61c37477a1626458e36f7b1d82aa5c9b094fa4802892072e49de9c60c4c926"},
]
tomli = [
    {file = "tomli-2.0.1-py3-none-any.whl", hash = "sha256:939de3e7a6161af0c887ef91b7d41a53e7c5a1ca976325f429cb46ea9bc30ecc"},
    {file = "tomli-2.0.1.tar.gz", hash = "sha256:de526c12914f0c550d15924c62d72abc48d6fe7364aa87328337a31007fe8a4f"},
]
typing-extensions = [
    {file = "typing_extensions-4.2.0-py3-none-any.whl", hash = "sha256:6657594ee297170d19f67d55c05852a874e7eb634f4f753dbd667855e07c1708"},
    {file = "typing_extensions-4.2.0.tar.gz", hash = "sha256:f1c24655a0da0d1b67f07e17a5e6b2a105894e6824b92096378bb3668ef02376"},
]
watchdog = [
    {file = "watchdog-2.1.7-cp310-cp310-macosx_10_9_universal2.whl", hash = "sha256:177bae28ca723bc00846466016d34f8c1d6a621383b6caca86745918d55c7383"},
    {file = "watchdog-2.1.7-cp310-cp310-macosx_10_9_x86_64.whl", hash = "sha256:1d1cf7dfd747dec519486a98ef16097e6c480934ef115b16f18adb341df747a4"},
    {file = "watchdog-2.1.7-cp310-cp310-macosx_11_0_arm64.whl", hash = "sha256:7f14ce6adea2af1bba495acdde0e510aecaeb13b33f7bd2f6324e551b26688ca"},
    {file = "watchdog-2.1.7-cp36-cp36m-macosx_10_9_x86_64.whl", hash = "sha256:4d0e98ac2e8dd803a56f4e10438b33a2d40390a72750cff4939b4b274e7906fa"},
    {file = "watchdog-2.1.7-cp37-cp37m-macosx_10_9_x86_64.whl", hash = "sha256:81982c7884aac75017a6ecc72f1a4fedbae04181a8665a34afce9539fc1b3fab"},
    {file = "watchdog-2.1.7-cp38-cp38-macosx_10_9_universal2.whl", hash = "sha256:0b4a1fe6201c6e5a1926f5767b8664b45f0fcb429b62564a41f490ff1ce1dc7a"},
    {file = "watchdog-2.1.7-cp38-cp38-macosx_10_9_x86_64.whl", hash = "sha256:6e6ae29b72977f2e1ee3d0b760d7ee47896cb53e831cbeede3e64485e5633cc8"},
    {file = "watchdog-2.1.7-cp38-cp38-macosx_11_0_arm64.whl", hash = "sha256:b9777664848160449e5b4260e0b7bc1ae0f6f4992a8b285db4ec1ef119ffa0e2"},
    {file = "watchdog-2.1.7-cp39-cp39-macosx_10_9_universal2.whl", hash = "sha256:19b36d436578eb437e029c6b838e732ed08054956366f6dd11875434a62d2b99"},
    {file = "watchdog-2.1.7-cp39-cp39-macosx_10_9_x86_64.whl", hash = "sha256:b61acffaf5cd5d664af555c0850f9747cc5f2baf71e54bbac164c58398d6ca7b"},
    {file = "watchdog-2.1.7-cp39-cp39-macosx_11_0_arm64.whl", hash = "sha256:1e877c70245424b06c41ac258023ea4bd0c8e4ff15d7c1368f17cd0ae6e351dd"},
    {file = "watchdog-2.1.7-pp37-pypy37_pp73-macosx_10_9_x86_64.whl", hash = "sha256:d802d65262a560278cf1a65ef7cae4e2bc7ecfe19e5451349e4c67e23c9dc420"},
    {file = "watchdog-2.1.7-pp38-pypy38_pp73-macosx_10_9_x86_64.whl", hash = "sha256:b3750ee5399e6e9c69eae8b125092b871ee9e2fcbd657a92747aea28f9056a5c"},
    {file = "watchdog-2.1.7-py3-none-manylinux2014_aarch64.whl", hash = "sha256:ed6d9aad09a2a948572224663ab00f8975fae242aa540509737bb4507133fa2d"},
    {file = "watchdog-2.1.7-py3-none-manylinux2014_armv7l.whl", hash = "sha256:b26e13e8008dcaea6a909e91d39b629a39635d1a8a7239dd35327c74f4388601"},
    {file = "watchdog-2.1.7-py3-none-manylinux2014_i686.whl", hash = "sha256:0908bb50f6f7de54d5d31ec3da1654cb7287c6b87bce371954561e6de379d690"},
    {file = "watchdog-2.1.7-py3-none-manylinux2014_ppc64.whl", hash = "sha256:bdcbf75580bf4b960fb659bbccd00123d83119619195f42d721e002c1621602f"},
    {file = "watchdog-2.1.7-py3-none-manylinux2014_ppc64le.whl", hash = "sha256:81a5861d0158a7e55fe149335fb2bbfa6f48cbcbd149b52dbe2cd9a544034bbd"},
    {file = "watchdog-2.1.7-py3-none-manylinux2014_s390x.whl", hash = "sha256:03b43d583df0f18782a0431b6e9e9965c5b3f7cf8ec36a00b930def67942c385"},
    {file = "watchdog-2.1.7-py3-none-manylinux2014_x86_64.whl", hash = "sha256:ae934e34c11aa8296c18f70bf66ed60e9870fcdb4cc19129a04ca83ab23e7055"},
    {file = "watchdog-2.1.7-py3-none-win32.whl", hash = "sha256:49639865e3db4be032a96695c98ac09eed39bbb43fe876bb217da8f8101689a6"},
    {file = "watchdog-2.1.7-py3-none-win_amd64.whl", hash = "sha256:340b875aecf4b0e6672076a6f05cfce6686935559bb6d34cebedee04126a9566"},
    {file = "watchdog-2.1.7-py3-none-win_ia64.whl", hash = "sha256:351e09b6d9374d5bcb947e6ac47a608ec25b9d70583e9db00b2fcdb97b00b572"},
    {file = "watchdog-2.1.7.tar.gz", hash = "sha256:3fd47815353be9c44eebc94cc28fe26b2b0c5bd889dafc4a5a7cbdf924143480"},
]
